
Microsoft Visual Studio Solution File, Format Version 11.00
# Visual Studio 2010
Project("{FAE04EC0-301F-11D3-BF4B-00C04F79EFBC}") = "BLL", "BLL\BLL.csproj", "{7656C225-C76A-4851-A72A-41BA441FB5FA}"
EndProject
Project("{FAE04EC0-301F-11D3-BF4B-00C04F79EFBC}") = "COM", "COM\COM.csproj", "{1D4C12EC-E53B-41A0-B867-8CB6A6550006}"
EndProject
Project("{FAE04EC0-301F-11D3-BF4B-00C04F79EFBC}") = "DAL", "DAL\DAL.csproj", "{23BC3E95-165E-4CBF-A7DC-5559DC841AE2}"
EndProject
Project("{FAE04EC0-301F-11D3-BF4B-00C04F79EFBC}") = "DB", "DB\DB.csproj", "{D8B19AE2-5D2B-41F2-8017-46BD49D8DCB0}"
EndProject
Project("{FAE04EC0-301F-11D3-BF4B-00C04F79EFBC}") = "FDAL", "FDAL\FDAL.csproj", "{B247E579-3510-46CD-8ACE-4B43091E4212}"
EndProject
Project("{FAE04EC0-301F-11D3-BF4B-00C04F79EFBC}") = "IDAL", "IDAL\IDAL.csproj", "{1FE3DF10-B292-4EC7-A708-DFF3DAACFA40}"
EndProject
Project("{FAE04EC0-301F-11D3-BF4B-00C04F79EFBC}") = "Model", "Model\Model.csproj", "{1CC2D7D8-0620-4103-BA6A-3E1FC1FE86A7}"
EndProject
Project("{FAE04EC0-301F-11D3-BF4B-00C04F79EFBC}") = "OleDbDAL", "OleDbDAL\OleDbDAL.csproj", "{05918081-5B3A-4203-9E95-08C10B2A4572}"
EndProject
Project("{FAE04EC0-301F-11D3-BF4B-00C04F79EFBC}") = "UI", "UI\UI.csproj", "{647E640C-DDD2-453A-A427-360DA3CF9A46}"
EndProject
Project("{FAE04EC0-301F-11D3-BF4B-00C04F79EFBC}") = "ORM", "ORM\ORM.csproj", "{A3639D44-6E1F-4E5E-BBE3-47A1CB8E991E}"
EndProject
Project("{2150E333-8FDC-42A3-9474-1A3956D46DE8}") = "NHibernate", "NHibernate", "{B2311298-CA18-46D8-841F-AFD7B4980794}"
EndProject
Project("{FAE04EC0-301F-11D3-BF4B-00C04F79EFBC}") = "SQLDAL", "SQLDAL\SQLDAL.csproj", "{D09674C4-3BA7-44B5-99E6-5337D9841EBF}"
EndProject
Project("{FAE04EC0-301F-11D3-BF4B-00C04F79EFBC}") = "COMM", "COMM\COMM.csproj", "{5B6C3E04-DDFF-4D43-8800-F4E081D295DC}"
EndProject
Project("{FAE04EC0-301F-11D3-BF4B-00C04F79EFBC}") = "WebUI", "WebUI\WebUI.csproj", "{0EB27203-63D2-4500-A3B4-F523DA433B6D}"
EndProject
Project("{E24C65DC-7377-472B-9ABA-BC803B73C61A}") = "Web", "Web\", "{22576A5B-07AA-4650-8106-17D2B27D0F2C}"
	ProjectSection(WebsiteProperties) = preProject
		TargetFrameworkMoniker = ".NETFramework,Version%3Dv2.0"
		ProjectReferences = "{7656C225-C76A-4851-A72A-41BA441FB5FA}|XTHospital.BLL.dll;{1D4C12EC-E53B-41A0-B867-8CB6A6550006}|XTHospital.COM.dll;{B247E579-3510-46CD-8ACE-4B43091E4212}|XTHospital.FDAL.dll;{1FE3DF10-B292-4EC7-A708-DFF3DAACFA40}|XTHospital.IDAL.dll;{1CC2D7D8-0620-4103-BA6A-3E1FC1FE86A7}|XTHospital.Model.dll;{05918081-5B3A-4203-9E95-08C10B2A4572}|XTHospital.OleDbDAL.dll;{D8B19AE2-5D2B-41F2-8017-46BD49D8DCB0}|XTHospital.DB.dll;"
		Debug.AspNetCompiler.VirtualPath = "/Web"
		Debug.AspNetCompiler.PhysicalPath = "Web\"
		Debug.AspNetCompiler.TargetPath = "PrecompiledWeb\Web\"
		Debug.AspNetCompiler.Updateable = "true"
		Debug.AspNetCompiler.ForceOverwrite = "true"
		Debug.AspNetCompiler.FixedNames = "false"
		Debug.AspNetCompiler.Debug = "True"
		Release.AspNetCompiler.VirtualPath = "/Web"
		Release.AspNetCompiler.PhysicalPath = "Web\"
		Release.AspNetCompiler.TargetPath = "PrecompiledWeb\Web\"
		Release.AspNetCompiler.Updateable = "true"
		Release.AspNetCompiler.ForceOverwrite = "true"
		Release.AspNetCompiler.FixedNames = "false"
		Release.AspNetCompiler.Debug = "False"
		VWDPort = "17761"
	EndProjectSection
EndProject
Global
	GlobalSection(SubversionScc) = preSolution
		Svn-Managed = True
		Manager = AnkhSVN - Subversion Support for Visual Studio
	EndGlobalSection
	GlobalSection(SolutionConfigurationPlatforms) = preSolution
		Debug|.NET = Debug|.NET
		Debug|Any CPU = Debug|Any CPU
		Debug|Mixed Platforms = Debug|Mixed Platforms
		Debug|x86 = Debug|x86
		Release|.NET = Release|.NET
		Release|Any CPU = Release|Any CPU
		Release|Mixed Platforms = Release|Mixed Platforms
		Release|x86 = Release|x86
	EndGlobalSection
	GlobalSection(ProjectConfigurationPlatforms) = postSolution
		{7656C225-C76A-4851-A72A-41BA441FB5FA}.Debug|.NET.ActiveCfg = Debug|Any CPU
		{7656C225-C76A-4851-A72A-41BA441FB5FA}.Debug|Any CPU.ActiveCfg = Debug|Any CPU
		{7656C225-C76A-4851-A72A-41BA441FB5FA}.Debug|Any CPU.Build.0 = Debug|Any CPU
		{7656C225-C76A-4851-A72A-41BA441FB5FA}.Debug|Mixed Platforms.ActiveCfg = Debug|Any CPU
		{7656C225-C76A-4851-A72A-41BA441FB5FA}.Debug|Mixed Platforms.Build.0 = Debug|Any CPU
		{7656C225-C76A-4851-A72A-41BA441FB5FA}.Debug|x86.ActiveCfg = Debug|Any CPU
		{7656C225-C76A-4851-A72A-41BA441FB5FA}.Release|.NET.ActiveCfg = Release|Any CPU
		{7656C225-C76A-4851-A72A-41BA441FB5FA}.Release|Any CPU.ActiveCfg = Release|Any CPU
		{7656C225-C76A-4851-A72A-41BA441FB5FA}.Release|Any CPU.Build.0 = Release|Any CPU
		{7656C225-C76A-4851-A72A-41BA441FB5FA}.Release|Mixed Platforms.ActiveCfg = Release|Any CPU
		{7656C225-C76A-4851-A72A-41BA441FB5FA}.Release|Mixed Platforms.Build.0 = Release|Any CPU
		{7656C225-C76A-4851-A72A-41BA441FB5FA}.Release|x86.ActiveCfg = Release|Any CPU
		{1D4C12EC-E53B-41A0-B867-8CB6A6550006}.Debug|.NET.ActiveCfg = Debug|Any CPU
		{1D4C12EC-E53B-41A0-B867-8CB6A6550006}.Debug|Any CPU.ActiveCfg = Debug|Any CPU
		{1D4C12EC-E53B-41A0-B867-8CB6A6550006}.Debug|Any CPU.Build.0 = Debug|Any CPU
		{1D4C12EC-E53B-41A0-B867-8CB6A6550006}.Debug|Mixed Platforms.ActiveCfg = Debug|Any CPU
		{1D4C12EC-E53B-41A0-B867-8CB6A6550006}.Debug|Mixed Platforms.Build.0 = Debug|Any CPU
		{1D4C12EC-E53B-41A0-B867-8CB6A6550006}.Debug|x86.ActiveCfg = Debug|Any CPU
		{1D4C12EC-E53B-41A0-B867-8CB6A6550006}.Release|.NET.ActiveCfg = Release|Any CPU
		{1D4C12EC-E53B-41A0-B867-8CB6A6550006}.Release|Any CPU.ActiveCfg = Release|Any CPU
		{1D4C12EC-E53B-41A0-B867-8CB6A6550006}.Release|Any CPU.Build.0 = Release|Any CPU
		{1D4C12EC-E53B-41A0-B867-8CB6A6550006}.Release|Mixed Platforms.ActiveCfg = Release|Any CPU
		{1D4C12EC-E53B-41A0-B867-8CB6A6550006}.Release|Mixed Platforms.Build.0 = Release|Any CPU
		{1D4C12EC-E53B-41A0-B867-8CB6A6550006}.Release|x86.ActiveCfg = Release|Any CPU
		{23BC3E95-165E-4CBF-A7DC-5559DC841AE2}.Debug|.NET.ActiveCfg = Debug|Any CPU
		{23BC3E95-165E-4CBF-A7DC-5559DC841AE2}.Debug|Any CPU.ActiveCfg = Debug|Any CPU
		{23BC3E95-165E-4CBF-A7DC-5559DC841AE2}.Debug|Any CPU.Build.0 = Debug|Any CPU
		{23BC3E95-165E-4CBF-A7DC-5559DC841AE2}.Debug|Mixed Platforms.ActiveCfg = Debug|Any CPU
		{23BC3E95-165E-4CBF-A7DC-5559DC841AE2}.Debug|Mixed Platforms.Build.0 = Debug|Any CPU
		{23BC3E95-165E-4CBF-A7DC-5559DC841AE2}.Debug|x86.ActiveCfg = Debug|Any CPU
		{23BC3E95-165E-4CBF-A7DC-5559DC841AE2}.Release|.NET.ActiveCfg = Release|Any CPU
		{23BC3E95-165E-4CBF-A7DC-5559DC841AE2}.Release|Any CPU.ActiveCfg = Release|Any CPU
		{23BC3E95-165E-4CBF-A7DC-5559DC841AE2}.Release|Any CPU.Build.0 = Release|Any CPU
		{23BC3E95-165E-4CBF-A7DC-5559DC841AE2}.Release|Mixed Platforms.ActiveCfg = Release|Any CPU
		{23BC3E95-165E-4CBF-A7DC-5559DC841AE2}.Release|Mixed Platforms.Build.0 = Release|Any CPU
		{23BC3E95-165E-4CBF-A7DC-5559DC841AE2}.Release|x86.ActiveCfg = Release|Any CPU
		{D8B19AE2-5D2B-41F2-8017-46BD49D8DCB0}.Debug|.NET.ActiveCfg = Debug|Any CPU
		{D8B19AE2-5D2B-41F2-8017-46BD49D8DCB0}.Debug|Any CPU.ActiveCfg = Debug|Any CPU
		{D8B19AE2-5D2B-41F2-8017-46BD49D8DCB0}.Debug|Any CPU.Build.0 = Debug|Any CPU
		{D8B19AE2-5D2B-41F2-8017-46BD49D8DCB0}.Debug|Mixed Platforms.ActiveCfg = Debug|Any CPU
		{D8B19AE2-5D2B-41F2-8017-46BD49D8DCB0}.Debug|Mixed Platforms.Build.0 = Debug|Any CPU
		{D8B19AE2-5D2B-41F2-8017-46BD49D8DCB0}.Debug|x86.ActiveCfg = Debug|Any CPU
		{D8B19AE2-5D2B-41F2-8017-46BD49D8DCB0}.Release|.NET.ActiveCfg = Release|Any CPU
		{D8B19AE2-5D2B-41F2-8017-46BD49D8DCB0}.Release|Any CPU.ActiveCfg = Release|Any CPU
		{D8B19AE2-5D2B-41F2-8017-46BD49D8DCB0}.Release|Any CPU.Build.0 = Release|Any CPU
		{D8B19AE2-5D2B-41F2-8017-46BD49D8DCB0}.Release|Mixed Platforms.ActiveCfg = Release|Any CPU
		{D8B19AE2-5D2B-41F2-8017-46BD49D8DCB0}.Release|Mixed Platforms.Build.0 = Release|Any CPU
		{D8B19AE2-5D2B-41F2-8017-46BD49D8DCB0}.Release|x86.ActiveCfg = Release|Any CPU
		{B247E579-3510-46CD-8ACE-4B43091E4212}.Debug|.NET.ActiveCfg = Debug|Any CPU
		{B247E579-3510-46CD-8ACE-4B43091E4212}.Debug|Any CPU.ActiveCfg = Debug|Any CPU
		{B247E579-3510-46CD-8ACE-4B43091E4212}.Debug|Any CPU.Build.0 = Debug|Any CPU
		{B247E579-3510-46CD-8ACE-4B43091E4212}.Debug|Mixed Platforms.ActiveCfg = Debug|Any CPU
		{B247E579-3510-46CD-8ACE-4B43091E4212}.Debug|Mixed Platforms.Build.0 = Debug|Any CPU
		{B247E579-3510-46CD-8ACE-4B43091E4212}.Debug|x86.ActiveCfg = Debug|Any CPU
		{B247E579-3510-46CD-8ACE-4B43091E4212}.Release|.NET.ActiveCfg = Release|Any CPU
		{B247E579-3510-46CD-8ACE-4B43091E4212}.Release|Any CPU.ActiveCfg = Release|Any CPU
		{B247E579-3510-46CD-8ACE-4B43091E4212}.Release|Any CPU.Build.0 = Release|Any CPU
		{B247E579-3510-46CD-8ACE-4B43091E4212}.Release|Mixed Platforms.ActiveCfg = Release|Any CPU
		{B247E579-3510-46CD-8ACE-4B43091E4212}.Release|Mixed Platforms.Build.0 = Release|Any CPU
		{B247E579-3510-46CD-8ACE-4B43091E4212}.Release|x86.ActiveCfg = Release|Any CPU
		{1FE3DF10-B292-4EC7-A708-DFF3DAACFA40}.Debug|.NET.ActiveCfg = Debug|Any CPU
		{1FE3DF10-B292-4EC7-A708-DFF3DAACFA40}.Debug|Any CPU.ActiveCfg = Debug|Any CPU
		{1FE3DF10-B292-4EC7-A708-DFF3DAACFA40}.Debug|Any CPU.Build.0 = Debug|Any CPU
		{1FE3DF10-B292-4EC7-A708-DFF3DAACFA40}.Debug|Mixed Platforms.ActiveCfg = Debug|Any CPU
		{1FE3DF10-B292-4EC7-A708-DFF3DAACFA40}.Debug|Mixed Platforms.Build.0 = Debug|Any CPU
		{1FE3DF10-B292-4EC7-A708-DFF3DAACFA40}.Debug|x86.ActiveCfg = Debug|Any CPU
		{1FE3DF10-B292-4EC7-A708-DFF3DAACFA40}.Release|.NET.ActiveCfg = Release|Any CPU
		{1FE3DF10-B292-4EC7-A708-DFF3DAACFA40}.Release|Any CPU.ActiveCfg = Release|Any CPU
		{1FE3DF10-B292-4EC7-A708-DFF3DAACFA40}.Release|Any CPU.Build.0 = Release|Any CPU
		{1FE3DF10-B292-4EC7-A708-DFF3DAACFA40}.Release|Mixed Platforms.ActiveCfg = Release|Any CPU
		{1FE3DF10-B292-4EC7-A708-DFF3DAACFA40}.Release|Mixed Platforms.Build.0 = Release|Any CPU
		{1FE3DF10-B292-4EC7-A708-DFF3DAACFA40}.Release|x86.ActiveCfg = Release|Any CPU
		{1CC2D7D8-0620-4103-BA6A-3E1FC1FE86A7}.Debug|.NET.ActiveCfg = Debug|Any CPU
		{1CC2D7D8-0620-4103-BA6A-3E1FC1FE86A7}.Debug|Any CPU.ActiveCfg = Debug|Any CPU
		{1CC2D7D8-0620-4103-BA6A-3E1FC1FE86A7}.Debug|Any CPU.Build.0 = Debug|Any CPU
		{1CC2D7D8-0620-4103-BA6A-3E1FC1FE86A7}.Debug|Mixed Platforms.ActiveCfg = Debug|Any CPU
		{1CC2D7D8-0620-4103-BA6A-3E1FC1FE86A7}.Debug|Mixed Platforms.Build.0 = Debug|Any CPU
		{1CC2D7D8-0620-4103-BA6A-3E1FC1FE86A7}.Debug|x86.ActiveCfg = Debug|Any CPU
		{1CC2D7D8-0620-4103-BA6A-3E1FC1FE86A7}.Release|.NET.ActiveCfg = Release|Any CPU
		{1CC2D7D8-0620-4103-BA6A-3E1FC1FE86A7}.Release|Any CPU.ActiveCfg = Release|Any CPU
		{1CC2D7D8-0620-4103-BA6A-3E1FC1FE86A7}.Release|Any CPU.Build.0 = Release|Any CPU
		{1CC2D7D8-0620-4103-BA6A-3E1FC1FE86A7}.Release|Mixed Platforms.ActiveCfg = Release|Any CPU
		{1CC2D7D8-0620-4103-BA6A-3E1FC1FE86A7}.Release|Mixed Platforms.Build.0 = Release|Any CPU
		{1CC2D7D8-0620-4103-BA6A-3E1FC1FE86A7}.Release|x86.ActiveCfg = Release|Any CPU
		{05918081-5B3A-4203-9E95-08C10B2A4572}.Debug|.NET.ActiveCfg = Debug|Any CPU
		{05918081-5B3A-4203-9E95-08C10B2A4572}.Debug|Any CPU.ActiveCfg = Debug|Any CPU
		{05918081-5B3A-4203-9E95-08C10B2A4572}.Debug|Any CPU.Build.0 = Debug|Any CPU
		{05918081-5B3A-4203-9E95-08C10B2A4572}.Debug|Mixed Platforms.ActiveCfg = Debug|Any CPU
		{05918081-5B3A-4203-9E95-08C10B2A4572}.Debug|Mixed Platforms.Build.0 = Debug|Any CPU
		{05918081-5B3A-4203-9E95-08C10B2A4572}.Debug|x86.ActiveCfg = Debug|Any CPU
		{05918081-5B3A-4203-9E95-08C10B2A4572}.Release|.NET.ActiveCfg = Release|Any CPU
		{05918081-5B3A-4203-9E95-08C10B2A4572}.Release|Any CPU.ActiveCfg = Release|Any CPU
		{05918081-5B3A-4203-9E95-08C10B2A4572}.Release|Any CPU.Build.0 = Release|Any CPU
		{05918081-5B3A-4203-9E95-08C10B2A4572}.Release|Mixed Platforms.ActiveCfg = Release|Any CPU
		{05918081-5B3A-4203-9E95-08C10B2A4572}.Release|Mixed Platforms.Build.0 = Release|Any CPU
		{05918081-5B3A-4203-9E95-08C10B2A4572}.Release|x86.ActiveCfg = Release|Any CPU
		{647E640C-DDD2-453A-A427-360DA3CF9A46}.Debug|.NET.ActiveCfg = Debug|x86
		{647E640C-DDD2-453A-A427-360DA3CF9A46}.Debug|Any CPU.ActiveCfg = Debug|x86
		{647E640C-DDD2-453A-A427-360DA3CF9A46}.Debug|Mixed Platforms.ActiveCfg = Debug|x86
		{647E640C-DDD2-453A-A427-360DA3CF9A46}.Debug|Mixed Platforms.Build.0 = Debug|x86
		{647E640C-DDD2-453A-A427-360DA3CF9A46}.Debug|x86.ActiveCfg = Debug|x86
		{647E640C-DDD2-453A-A427-360DA3CF9A46}.Debug|x86.Build.0 = Debug|x86
		{647E640C-DDD2-453A-A427-360DA3CF9A46}.Release|.NET.ActiveCfg = Release|x86
		{647E640C-DDD2-453A-A427-360DA3CF9A46}.Release|Any CPU.ActiveCfg = Release|x86
		{647E640C-DDD2-453A-A427-360DA3CF9A46}.Release|Mixed Platforms.ActiveCfg = Release|x86
		{647E640C-DDD2-453A-A427-360DA3CF9A46}.Release|Mixed Platforms.Build.0 = Release|x86
		{647E640C-DDD2-453A-A427-360DA3CF9A46}.Release|x86.ActiveCfg = Release|x86
		{647E640C-DDD2-453A-A427-360DA3CF9A46}.Release|x86.Build.0 = Release|x86
		{A3639D44-6E1F-4E5E-BBE3-47A1CB8E991E}.Debug|.NET.ActiveCfg = Debug|Any CPU
		{A3639D44-6E1F-4E5E-BBE3-47A1CB8E991E}.Debug|Any CPU.ActiveCfg = Debug|Any CPU
		{A3639D44-6E1F-4E5E-BBE3-47A1CB8E991E}.Debug|Any CPU.Build.0 = Debug|Any CPU
		{A3639D44-6E1F-4E5E-BBE3-47A1CB8E991E}.Debug|Mixed Platforms.ActiveCfg = Debug|Any CPU
		{A3639D44-6E1F-4E5E-BBE3-47A1CB8E991E}.Debug|Mixed Platforms.Build.0 = Debug|Any CPU
		{A3639D44-6E1F-4E5E-BBE3-47A1CB8E991E}.Debug|x86.ActiveCfg = Debug|Any CPU
		{A3639D44-6E1F-4E5E-BBE3-47A1CB8E991E}.Release|.NET.ActiveCfg = Release|Any CPU
		{A3639D44-6E1F-4E5E-BBE3-47A1CB8E991E}.Release|Any CPU.ActiveCfg = Release|Any CPU
		{A3639D44-6E1F-4E5E-BBE3-47A1CB8E991E}.Release|Any CPU.Build.0 = Release|Any CPU
		{A3639D44-6E1F-4E5E-BBE3-47A1CB8E991E}.Release|Mixed Platforms.ActiveCfg = Release|Any CPU
		{A3639D44-6E1F-4E5E-BBE3-47A1CB8E991E}.Release|Mixed Platforms.Build.0 = Release|Any CPU
		{A3639D44-6E1F-4E5E-BBE3-47A1CB8E991E}.Release|x86.ActiveCfg = Release|Any CPU
		{D09674C4-3BA7-44B5-99E6-5337D9841EBF}.Debug|.NET.ActiveCfg = Debug|Any CPU
		{D09674C4-3BA7-44B5-99E6-5337D9841EBF}.Debug|Any CPU.ActiveCfg = Debug|Any CPU
		{D09674C4-3BA7-44B5-99E6-5337D9841EBF}.Debug|Any CPU.Build.0 = Debug|Any CPU
		{D09674C4-3BA7-44B5-99E6-5337D9841EBF}.Debug|Mixed Platforms.ActiveCfg = Debug|Any CPU
		{D09674C4-3BA7-44B5-99E6-5337D9841EBF}.Debug|Mixed Platforms.Build.0 = Debug|Any CPU
		{D09674C4-3BA7-44B5-99E6-5337D9841EBF}.Debug|x86.ActiveCfg = Debug|Any CPU
		{D09674C4-3BA7-44B5-99E6-5337D9841EBF}.Release|.NET.ActiveCfg = Release|Any CPU
		{D09674C4-3BA7-44B5-99E6-5337D9841EBF}.Release|Any CPU.ActiveCfg = Release|Any CPU
		{D09674C4-3BA7-44B5-99E6-5337D9841EBF}.Release|Any CPU.Build.0 = Release|Any CPU
		{D09674C4-3BA7-44B5-99E6-5337D9841EBF}.Release|Mixed Platforms.ActiveCfg = Release|Any CPU
		{D09674C4-3BA7-44B5-99E6-5337D9841EBF}.Release|Mixed Platforms.Build.0 = Release|Any CPU
		{D09674C4-3BA7-44B5-99E6-5337D9841EBF}.Release|x86.ActiveCfg = Release|Any CPU
		{5B6C3E04-DDFF-4D43-8800-F4E081D295DC}.Debug|.NET.ActiveCfg = Debug|Any CPU
		{5B6C3E04-DDFF-4D43-8800-F4E081D295DC}.Debug|Any CPU.ActiveCfg = Debug|Any CPU
		{5B6C3E04-DDFF-4D43-8800-F4E081D295DC}.Debug|Any CPU.Build.0 = Debug|Any CPU
		{5B6C3E04-DDFF-4D43-8800-F4E081D295DC}.Debug|Mixed Platforms.ActiveCfg = Debug|Any CPU
		{5B6C3E04-DDFF-4D43-8800-F4E081D295DC}.Debug|Mixed Platforms.Build.0 = Debug|Any CPU
		{5B6C3E04-DDFF-4D43-8800-F4E081D295DC}.Debug|x86.ActiveCfg = Debug|Any CPU
		{5B6C3E04-DDFF-4D43-8800-F4E081D295DC}.Release|.NET.ActiveCfg = Release|Any CPU
		{5B6C3E04-DDFF-4D43-8800-F4E081D295DC}.Release|Any CPU.ActiveCfg = Release|Any CPU
		{5B6C3E04-DDFF-4D43-8800-F4E081D295DC}.Release|Any CPU.Build.0 = Release|Any CPU
		{5B6C3E04-DDFF-4D43-8800-F4E081D295DC}.Release|Mixed Platforms.ActiveCfg = Release|Any CPU
		{5B6C3E04-DDFF-4D43-8800-F4E081D295DC}.Release|Mixed Platforms.Build.0 = Release|Any CPU
		{5B6C3E04-DDFF-4D43-8800-F4E081D295DC}.Release|x86.ActiveCfg = Release|Any CPU
		{0EB27203-63D2-4500-A3B4-F523DA433B6D}.Debug|.NET.ActiveCfg = Debug|Any CPU
		{0EB27203-63D2-4500-A3B4-F523DA433B6D}.Debug|Any CPU.ActiveCfg = Debug|Any CPU
		{0EB27203-63D2-4500-A3B4-F523DA433B6D}.Debug|Any CPU.Build.0 = Debug|Any CPU
		{0EB27203-63D2-4500-A3B4-F523DA433B6D}.Debug|Mixed Platforms.ActiveCfg = Debug|Any CPU
		{0EB27203-63D2-4500-A3B4-F523DA433B6D}.Debug|Mixed Platforms.Build.0 = Debug|Any CPU
		{0EB27203-63D2-4500-A3B4-F523DA433B6D}.Debug|x86.ActiveCfg = Debug|Any CPU
		{0EB27203-63D2-4500-A3B4-F523DA433B6D}.Release|.NET.ActiveCfg = Release|Any CPU
		{0EB27203-63D2-4500-A3B4-F523DA433B6D}.Release|Any CPU.ActiveCfg = Release|Any CPU
		{0EB27203-63D2-4500-A3B4-F523DA433B6D}.Release|Any CPU.Build.0 = Release|Any CPU
		{0EB27203-63D2-4500-A3B4-F523DA433B6D}.Release|Mixed Platforms.ActiveCfg = Release|Any CPU
		{0EB27203-63D2-4500-A3B4-F523DA433B6D}.Release|Mixed Platforms.Build.0 = Release|Any CPU
		{0EB27203-63D2-4500-A3B4-F523DA433B6D}.Release|x86.ActiveCfg = Release|Any CPU
		{22576A5B-07AA-4650-8106-17D2B27D0F2C}.Debug|.NET.ActiveCfg = Debug|Any CPU
		{22576A5B-07AA-4650-8106-17D2B27D0F2C}.Debug|Any CPU.ActiveCfg = Debug|Any CPU
		{22576A5B-07AA-4650-8106-17D2B27D0F2C}.Debug|Any CPU.Build.0 = Debug|Any CPU
		{22576A5B-07AA-4650-8106-17D2B27D0F2C}.Debug|Mixed Platforms.ActiveCfg = Debug|Any CPU
		{22576A5B-07AA-4650-8106-17D2B27D0F2C}.Debug|Mixed Platforms.Build.0 = Debug|Any CPU
		{22576A5B-07AA-4650-8106-17D2B27D0F2C}.Debug|x86.ActiveCfg = Debug|Any CPU
		{22576A5B-07AA-4650-8106-17D2B27D0F2C}.Release|.NET.ActiveCfg = Debug|Any CPU
		{22576A5B-07AA-4650-8106-17D2B27D0F2C}.Release|Any CPU.ActiveCfg = Debug|Any CPU
		{22576A5B-07AA-4650-8106-17D2B27D0F2C}.Release|Any CPU.Build.0 = Debug|Any CPU
		{22576A5B-07AA-4650-8106-17D2B27D0F2C}.Release|Mixed Platforms.ActiveCfg = Debug|Any CPU
		{22576A5B-07AA-4650-8106-17D2B27D0F2C}.Release|Mixed Platforms.Build.0 = Debug|Any CPU
		{22576A5B-07AA-4650-8106-17D2B27D0F2C}.Release|x86.ActiveCfg = Debug|Any CPU
	EndGlobalSection
	GlobalSection(SolutionProperties) = preSolution
		HideSolutionNode = FALSE
	EndGlobalSection
	GlobalSection(NestedProjects) = preSolution
		{A3639D44-6E1F-4E5E-BBE3-47A1CB8E991E} = {B2311298-CA18-46D8-841F-AFD7B4980794}
		{D09674C4-3BA7-44B5-99E6-5337D9841EBF} = {B2311298-CA18-46D8-841F-AFD7B4980794}
		{5B6C3E04-DDFF-4D43-8800-F4E081D295DC} = {B2311298-CA18-46D8-841F-AFD7B4980794}
		{0EB27203-63D2-4500-A3B4-F523DA433B6D} = {B2311298-CA18-46D8-841F-AFD7B4980794}
	EndGlobalSection
EndGlobal
